
Microsoft Visual Studio Solution File, Format Version 12.00
# Visual Studio Version 16
VisualStudioVersion = 16.0.30907.101
MinimumVisualStudioVersion = 10.0.40219.1
Project("{FAE04EC0-301F-11D3-BF4B-00C04F79EFBC}") = "ApiSearchGoogle", "ApiSearchGoogle.csproj", "{6A0D503D-8C7C-4208-BEA0-2770EDB6F987}"
EndProject
Global
	GlobalSection(SolutionConfigurationPlatforms) = preSolution
		Debug|Any CPU = Debug|Any CPU
		Release|Any CPU = Release|Any CPU
	EndGlobalSection
	GlobalSection(ProjectConfigurationPlatforms) = postSolution
		{6A0D503D-8C7C-4208-BEA0-2770EDB6F987}.Debug|Any CPU.ActiveCfg = Debug|Any CPU
		{6A0D503D-8C7C-4208-BEA0-2770EDB6F987}.Debug|Any CPU.Build.0 = Debug|Any CPU
		{6A0D503D-8C7C-4208-BEA0-2770EDB6F987}.Release|Any CPU.ActiveCfg = Release|Any CPU
		{6A0D503D-8C7C-4208-BEA0-2770EDB6F987}.Release|Any CPU.Build.0 = Release|Any CPU
	EndGlobalSection
	GlobalSection(SolutionProperties) = preSolution
		HideSolutionNode = FALSE
	EndGlobalSection
	GlobalSection(ExtensibilityGlobals) = postSolution
		SolutionGuid = {27CAD47E-DB6D-4842-A640-8C037C06455F}
	EndGlobalSection
EndGlobal
